
Microsoft Visual Studio Solution File, Format Version 12.00
Project("{2150E333-8FDC-42A3-9474-1A3956D46DE8}") = "Anotar", "Anotar", "{011EFA9C-C484-4114-83E4-B5378679EE68}"
EndProject
Project("{FAE04EC0-301F-11D3-BF4B-00C04F79EFBC}") = "AnotarNLogSample", "AnotarNLogSample\AnotarNLogSample.csproj", "{349D1F60-D027-4859-A902-E30289DD00ED}"
EndProject
Project("{FAE04EC0-301F-11D3-BF4B-00C04F79EFBC}") = "AnotarSerilogSample", "AnotarSerilogSample\AnotarSerilogSample.csproj", "{ABFBC06D-6611-4922-AD21-803A0E650D6E}"
EndProject
Project("{FAE04EC0-301F-11D3-BF4B-00C04F79EFBC}") = "AnotarCustomSample", "AnotarCustomSample\AnotarCustomSample.csproj", "{9D8EE591-4C5A-42BA-B689-D82DA02B80A4}"
EndProject
Project("{2150E333-8FDC-42A3-9474-1A3956D46DE8}") = "AsyncErrorHandler", "AsyncErrorHandler", "{C9822A23-589A-41C1-84E4-24AEC53E8CEC}"
EndProject
Project("{FAE04EC0-301F-11D3-BF4B-00C04F79EFBC}") = "AsyncErrorHandlerSample", "AsyncErrorHandlerSample\AsyncErrorHandlerSample.csproj", "{BA95C1BD-A6E2-4869-8FC5-550B4DBE4829}"
EndProject
Project("{2150E333-8FDC-42A3-9474-1A3956D46DE8}") = "AutoProperties", "AutoProperties", "{1D967D1F-A34B-409A-A9A6-90AE5DE16BBE}"
EndProject
Project("{FAE04EC0-301F-11D3-BF4B-00C04F79EFBC}") = "AutoPropertiesSample", "AutoPropertiesSample\AutoPropertiesSample.csproj", "{D99E0A56-F05B-4E51-A104-7F793678FD31}"
EndProject
Project("{2150E333-8FDC-42A3-9474-1A3956D46DE8}") = "BasicFodyAddin", "BasicFodyAddin", "{6F8FD51D-D531-4B0F-944D-F34C777ECE04}"
EndProject
Project("{FAE04EC0-301F-11D3-BF4B-00C04F79EFBC}") = "BasicFodyAddinSample", "BasicFodyAddinSample\BasicFodyAddinSample.csproj", "{7D07CB07-5EF8-4AF9-9436-6C5FB94497E2}"
EndProject
Project("{FAE04EC0-301F-11D3-BF4B-00C04F79EFBC}") = "BasicFodyAddin.Fody", "BasicFodyAddin.Fody\BasicFodyAddin.Fody.csproj", "{8C2D0B06-1621-49CE-9EAD-60DBED026CCA}"
EndProject
Project("{2150E333-8FDC-42A3-9474-1A3956D46DE8}") = "Solution Items", "Solution Items", "{EDB93642-6EBB-401E-B107-C44669937AE8}"
ProjectSection(SolutionItems) = preProject
	README.md = README.md
	Anotar.md = Anotar.md
	AsyncErrorHandler.md = AsyncErrorHandler.md
	AutoProperties.md = AutoProperties.md
	BasicFodyAddin.md = BasicFodyAddin.md
EndProjectSection
EndProject
Project("{2150E333-8FDC-42A3-9474-1A3956D46DE8}") = "src", "src", "{9A253B22-D2BF-4DA3-BD0C-1D8D74CC52B9}"
EndProject
Project("{2150E333-8FDC-42A3-9474-1A3956D46DE8}") = "images", "images", "{67C5CB8D-9936-4F14-A2DE-A1B188538503}"
ProjectSection(SolutionItems) = preProject
	images\Anotar.png = images\Anotar.png
	images\AsyncErrorHandler.png = images\AsyncErrorHandler.png
	images\AutoProperties.png = images\AutoProperties.png
	images\BasicFodyAddin.png = images\BasicFodyAddin.png
	images\g-research.svg = images\g-research.svg
	images\particular.svg = images\particular.svg
	images\postsharp.png = images\postsharp.png
	images\Fody.png = images\Fody.png
EndProjectSection
EndProject
Global
	GlobalSection(SolutionConfigurationPlatforms) = preSolution
		Debug|Any CPU = Debug|Any CPU
		Release|Any CPU = Release|Any CPU
	EndGlobalSection
	GlobalSection(ProjectConfigurationPlatforms) = postSolution
		{349D1F60-D027-4859-A902-E30289DD00ED}.Debug|Any CPU.ActiveCfg = Debug|Any CPU
		{349D1F60-D027-4859-A902-E30289DD00ED}.Debug|Any CPU.Build.0 = Debug|Any CPU
		{349D1F60-D027-4859-A902-E30289DD00ED}.Release|Any CPU.ActiveCfg = Release|Any CPU
		{349D1F60-D027-4859-A902-E30289DD00ED}.Release|Any CPU.Build.0 = Release|Any CPU
		{ABFBC06D-6611-4922-AD21-803A0E650D6E}.Debug|Any CPU.ActiveCfg = Debug|Any CPU
		{ABFBC06D-6611-4922-AD21-803A0E650D6E}.Debug|Any CPU.Build.0 = Debug|Any CPU
		{ABFBC06D-6611-4922-AD21-803A0E650D6E}.Release|Any CPU.ActiveCfg = Release|Any CPU
		{ABFBC06D-6611-4922-AD21-803A0E650D6E}.Release|Any CPU.Build.0 = Release|Any CPU
		{9D8EE591-4C5A-42BA-B689-D82DA02B80A4}.Debug|Any CPU.ActiveCfg = Debug|Any CPU
		{9D8EE591-4C5A-42BA-B689-D82DA02B80A4}.Debug|Any CPU.Build.0 = Debug|Any CPU
		{9D8EE591-4C5A-42BA-B689-D82DA02B80A4}.Release|Any CPU.ActiveCfg = Release|Any CPU
		{9D8EE591-4C5A-42BA-B689-D82DA02B80A4}.Release|Any CPU.Build.0 = Release|Any CPU
		{BA95C1BD-A6E2-4869-8FC5-550B4DBE4829}.Debug|Any CPU.ActiveCfg = Debug|Any CPU
		{BA95C1BD-A6E2-4869-8FC5-550B4DBE4829}.Debug|Any CPU.Build.0 = Debug|Any CPU
		{BA95C1BD-A6E2-4869-8FC5-550B4DBE4829}.Release|Any CPU.ActiveCfg = Release|Any CPU
		{BA95C1BD-A6E2-4869-8FC5-550B4DBE4829}.Release|Any CPU.Build.0 = Release|Any CPU
		{D99E0A56-F05B-4E51-A104-7F793678FD31}.Debug|Any CPU.ActiveCfg = Debug|Any CPU
		{D99E0A56-F05B-4E51-A104-7F793678FD31}.Debug|Any CPU.Build.0 = Debug|Any CPU
		{D99E0A56-F05B-4E51-A104-7F793678FD31}.Release|Any CPU.ActiveCfg = Release|Any CPU
		{D99E0A56-F05B-4E51-A104-7F793678FD31}.Release|Any CPU.Build.0 = Release|Any CPU
		{7D07CB07-5EF8-4AF9-9436-6C5FB94497E2}.Debug|Any CPU.ActiveCfg = Debug|Any CPU
		{7D07CB07-5EF8-4AF9-9436-6C5FB94497E2}.Debug|Any CPU.Build.0 = Debug|Any CPU
		{7D07CB07-5EF8-4AF9-9436-6C5FB94497E2}.Release|Any CPU.ActiveCfg = Release|Any CPU
		{7D07CB07-5EF8-4AF9-9436-6C5FB94497E2}.Release|Any CPU.Build.0 = Release|Any CPU
		{8C2D0B06-1621-49CE-9EAD-60DBED026CCA}.Debug|Any CPU.ActiveCfg = Debug|Any CPU
		{8C2D0B06-1621-49CE-9EAD-60DBED026CCA}.Debug|Any CPU.Build.0 = Debug|Any CPU
		{8C2D0B06-1621-49CE-9EAD-60DBED026CCA}.Release|Any CPU.ActiveCfg = Release|Any CPU
		{8C2D0B06-1621-49CE-9EAD-60DBED026CCA}.Release|Any CPU.Build.0 = Release|Any CPU
	EndGlobalSection
	GlobalSection(NestedProjects) = preSolution
		{349D1F60-D027-4859-A902-E30289DD00ED} = {011EFA9C-C484-4114-83E4-B5378679EE68}
		{ABFBC06D-6611-4922-AD21-803A0E650D6E} = {011EFA9C-C484-4114-83E4-B5378679EE68}
		{9D8EE591-4C5A-42BA-B689-D82DA02B80A4} = {011EFA9C-C484-4114-83E4-B5378679EE68}
		{BA95C1BD-A6E2-4869-8FC5-550B4DBE4829} = {C9822A23-589A-41C1-84E4-24AEC53E8CEC}
		{D99E0A56-F05B-4E51-A104-7F793678FD31} = {1D967D1F-A34B-409A-A9A6-90AE5DE16BBE}
		{7D07CB07-5EF8-4AF9-9436-6C5FB94497E2} = {6F8FD51D-D531-4B0F-944D-F34C777ECE04}
		{8C2D0B06-1621-49CE-9EAD-60DBED026CCA} = {6F8FD51D-D531-4B0F-944D-F34C777ECE04}
		{011EFA9C-C484-4114-83E4-B5378679EE68} = {9A253B22-D2BF-4DA3-BD0C-1D8D74CC52B9}
		{C9822A23-589A-41C1-84E4-24AEC53E8CEC} = {9A253B22-D2BF-4DA3-BD0C-1D8D74CC52B9}
		{1D967D1F-A34B-409A-A9A6-90AE5DE16BBE} = {9A253B22-D2BF-4DA3-BD0C-1D8D74CC52B9}
		{6F8FD51D-D531-4B0F-944D-F34C777ECE04} = {9A253B22-D2BF-4DA3-BD0C-1D8D74CC52B9}
	EndGlobalSection
EndGlobal
