
Microsoft Visual Studio Solution File, Format Version 12.00
Project("{2150E333-8FDC-42A3-9474-1A3956D46DE8}") = "01 Shared", "01 Shared", "{7F63F10D-69C6-4F8F-9EA6-46179008A056}"
EndProject
Project("{2150E333-8FDC-42A3-9474-1A3956D46DE8}") = "02 Domain", "02 Domain", "{0FFC2368-4C4F-465B-A3AD-9B928C7860C1}"
EndProject
Project("{2150E333-8FDC-42A3-9474-1A3956D46DE8}") = "03 Infrastructure", "03 Infrastructure", "{5A71F3F7-872A-4CCC-BE83-EF8B930E65A3}"
EndProject
Project("{2150E333-8FDC-42A3-9474-1A3956D46DE8}") = "04 Applications", "04 Applications", "{6C86616C-CD7C-456E-91B2-2DBED7493189}"
EndProject
Project("{FAE04EC0-301F-11D3-BF4B-00C04F79EFBC}") = "_0101_Core", "_0101_Core\_0101_Core.csproj", "{26EB2D28-E18F-4ABC-AFBD-C7AC3EB08A7C}"
EndProject
Project("{FAE04EC0-301F-11D3-BF4B-00C04F79EFBC}") = "_0102_Domain.Abstractions", "_0102_Domain.Abstractions\_0102_Domain.Abstractions.csproj", "{E29356F1-013D-447D-9EE4-622388F76BAE}"
EndProject
Project("{FAE04EC0-301F-11D3-BF4B-00C04F79EFBC}") = "_0103_Infrastructure.Core", "_0103_Infrastructure.Core\_0103_Infrastructure.Core.csproj", "{B2CB7353-E652-4B0E-BCF0-D5E2DEE88CB4}"
EndProject
Project("{FAE04EC0-301F-11D3-BF4B-00C04F79EFBC}") = "_0201_Domain", "_0201_Domain\_0201_Domain.csproj", "{6C7FC803-0EC2-4B6C-AB5C-F70DDF7FC9C2}"
EndProject
Project("{FAE04EC0-301F-11D3-BF4B-00C04F79EFBC}") = "_0301_Infrastructure", "_0301_Infrastructure\_0301_Infrastructure.csproj", "{FAFD76DA-298D-4612-95BF-2EFFE23CC11D}"
EndProject
Project("{FAE04EC0-301F-11D3-BF4B-00C04F79EFBC}") = "_0401_Api", "_0401_Api\_0401_Api.csproj", "{FB6D1B25-E675-4587-B6B1-9766EEA531CC}"
EndProject
Project("{FAE04EC0-301F-11D3-BF4B-00C04F79EFBC}") = "_0402_BackgroundTasks", "_0402_BackgroundTasks\_0402_BackgroundTasks.csproj", "{36F9F6CB-CB0D-4ED7-AD7F-25653C36D8B5}"
EndProject
Global
	GlobalSection(SolutionConfigurationPlatforms) = preSolution
		Debug|Any CPU = Debug|Any CPU
		Release|Any CPU = Release|Any CPU
	EndGlobalSection
	GlobalSection(NestedProjects) = preSolution
		{26EB2D28-E18F-4ABC-AFBD-C7AC3EB08A7C} = {7F63F10D-69C6-4F8F-9EA6-46179008A056}
		{E29356F1-013D-447D-9EE4-622388F76BAE} = {7F63F10D-69C6-4F8F-9EA6-46179008A056}
		{B2CB7353-E652-4B0E-BCF0-D5E2DEE88CB4} = {7F63F10D-69C6-4F8F-9EA6-46179008A056}
		{6C7FC803-0EC2-4B6C-AB5C-F70DDF7FC9C2} = {0FFC2368-4C4F-465B-A3AD-9B928C7860C1}
		{FAFD76DA-298D-4612-95BF-2EFFE23CC11D} = {5A71F3F7-872A-4CCC-BE83-EF8B930E65A3}
		{FB6D1B25-E675-4587-B6B1-9766EEA531CC} = {6C86616C-CD7C-456E-91B2-2DBED7493189}
		{36F9F6CB-CB0D-4ED7-AD7F-25653C36D8B5} = {6C86616C-CD7C-456E-91B2-2DBED7493189}
	EndGlobalSection
	GlobalSection(ProjectConfigurationPlatforms) = postSolution
		{26EB2D28-E18F-4ABC-AFBD-C7AC3EB08A7C}.Debug|Any CPU.ActiveCfg = Debug|Any CPU
		{26EB2D28-E18F-4ABC-AFBD-C7AC3EB08A7C}.Debug|Any CPU.Build.0 = Debug|Any CPU
		{26EB2D28-E18F-4ABC-AFBD-C7AC3EB08A7C}.Release|Any CPU.ActiveCfg = Release|Any CPU
		{26EB2D28-E18F-4ABC-AFBD-C7AC3EB08A7C}.Release|Any CPU.Build.0 = Release|Any CPU
		{E29356F1-013D-447D-9EE4-622388F76BAE}.Debug|Any CPU.ActiveCfg = Debug|Any CPU
		{E29356F1-013D-447D-9EE4-622388F76BAE}.Debug|Any CPU.Build.0 = Debug|Any CPU
		{E29356F1-013D-447D-9EE4-622388F76BAE}.Release|Any CPU.ActiveCfg = Release|Any CPU
		{E29356F1-013D-447D-9EE4-622388F76BAE}.Release|Any CPU.Build.0 = Release|Any CPU
		{B2CB7353-E652-4B0E-BCF0-D5E2DEE88CB4}.Debug|Any CPU.ActiveCfg = Debug|Any CPU
		{B2CB7353-E652-4B0E-BCF0-D5E2DEE88CB4}.Debug|Any CPU.Build.0 = Debug|Any CPU
		{B2CB7353-E652-4B0E-BCF0-D5E2DEE88CB4}.Release|Any CPU.ActiveCfg = Release|Any CPU
		{B2CB7353-E652-4B0E-BCF0-D5E2DEE88CB4}.Release|Any CPU.Build.0 = Release|Any CPU
		{6C7FC803-0EC2-4B6C-AB5C-F70DDF7FC9C2}.Debug|Any CPU.ActiveCfg = Debug|Any CPU
		{6C7FC803-0EC2-4B6C-AB5C-F70DDF7FC9C2}.Debug|Any CPU.Build.0 = Debug|Any CPU
		{6C7FC803-0EC2-4B6C-AB5C-F70DDF7FC9C2}.Release|Any CPU.ActiveCfg = Release|Any CPU
		{6C7FC803-0EC2-4B6C-AB5C-F70DDF7FC9C2}.Release|Any CPU.Build.0 = Release|Any CPU
		{FAFD76DA-298D-4612-95BF-2EFFE23CC11D}.Debug|Any CPU.ActiveCfg = Debug|Any CPU
		{FAFD76DA-298D-4612-95BF-2EFFE23CC11D}.Debug|Any CPU.Build.0 = Debug|Any CPU
		{FAFD76DA-298D-4612-95BF-2EFFE23CC11D}.Release|Any CPU.ActiveCfg = Release|Any CPU
		{FAFD76DA-298D-4612-95BF-2EFFE23CC11D}.Release|Any CPU.Build.0 = Release|Any CPU
		{FB6D1B25-E675-4587-B6B1-9766EEA531CC}.Debug|Any CPU.ActiveCfg = Debug|Any CPU
		{FB6D1B25-E675-4587-B6B1-9766EEA531CC}.Debug|Any CPU.Build.0 = Debug|Any CPU
		{FB6D1B25-E675-4587-B6B1-9766EEA531CC}.Release|Any CPU.ActiveCfg = Release|Any CPU
		{FB6D1B25-E675-4587-B6B1-9766EEA531CC}.Release|Any CPU.Build.0 = Release|Any CPU
		{36F9F6CB-CB0D-4ED7-AD7F-25653C36D8B5}.Debug|Any CPU.ActiveCfg = Debug|Any CPU
		{36F9F6CB-CB0D-4ED7-AD7F-25653C36D8B5}.Debug|Any CPU.Build.0 = Debug|Any CPU
		{36F9F6CB-CB0D-4ED7-AD7F-25653C36D8B5}.Release|Any CPU.ActiveCfg = Release|Any CPU
		{36F9F6CB-CB0D-4ED7-AD7F-25653C36D8B5}.Release|Any CPU.Build.0 = Release|Any CPU
	EndGlobalSection
EndGlobal
