
Microsoft Visual Studio Solution File, Format Version 12.00
Project("{2150E333-8FDC-42A3-9474-1A3956D46DE8}") = "01 Shared", "01 Shared", "{7F63F10D-69C6-4F8F-9EA6-46179008A056}"
EndProject
Project("{2150E333-8FDC-42A3-9474-1A3956D46DE8}") = "02 Domain", "02 Domain", "{0FFC2368-4C4F-465B-A3AD-9B928C7860C1}"
EndProject
Project("{2150E333-8FDC-42A3-9474-1A3956D46DE8}") = "03 Infrastructure", "03 Infrastructure", "{5A71F3F7-872A-4CCC-BE83-EF8B930E65A3}"
EndProject
Project("{2150E333-8FDC-42A3-9474-1A3956D46DE8}") = "04 Applications", "04 Applications", "{6C86616C-CD7C-456E-91B2-2DBED7493189}"
EndProject
Project("{FAE04EC0-301F-11D3-BF4B-00C04F79EFBC}") = "_0101_Core", "_0101_Core\_0101_Core.csproj", "{26EB2D28-E18F-4ABC-AFBD-C7AC3EB08A7C}"
EndProject
Project("{FAE04EC0-301F-11D3-BF4B-00C04F79EFBC}") = "_0102_Domain.Abstractions", "_0102_Domain.Abstractions\_0102_Domain.Abstractions.csproj", "{E29356F1-013D-447D-9EE4-622388F76BAE}"
EndProject
Project("{FAE04EC0-301F-11D3-BF4B-00C04F79EFBC}") = "_0103_Infrastructure.Core", "_0103_Infrastructure.Core\_0103_Infrastructure.Core.csproj", "{B2CB7353-E652-4B0E-BCF0-D5E2DEE88CB4}"
EndProject
Project("{FAE04EC0-301F-11D3-BF4B-00C04F79EFBC}") = "_0201_Domain", "_0201_Domain\_0201_Domain.csproj", "{6C7FC803-0EC2-4B6C-AB5C-F70DDF7FC9C2}"
EndProject
Project("{FAE04EC0-301F-11D3-BF4B-00C04F79EFBC}") = "_0301_Infrastructure", "_0301_Infrastructure\_0301_Infrastructure.csproj", "{FAFD76DA-298D-4612-95BF-2EFFE23CC11D}"
EndProject
Project("{FAE04EC0-301F-11D3-BF4B-00C04F79EFBC}") = "_0401_Api", "_0401_Api\_0401_Api.csproj", "{FB6D1B25-E675-4587-B6B1-9766EEA531CC}"
EndProject
Project("{FAE04EC0-301F-11D3-BF4B-00C04F79EFBC}") = "_0402_BackgroundTasks", "_0402_BackgroundTasks\_0402_BackgroundTasks.csproj", "{36F9F6CB-CB0D-4ED7-AD7F-25653C36D8B5}"
EndProject
Project("{2150E333-8FDC-42A3-9474-1A3956D46DE8}") = "05 Demo", "05 Demo", "{19321BD9-5FB6-45FF-A1BD-046E504D8FA4}"
EndProject
Project("{FAE04EC0-301F-11D3-BF4B-00C04F79EFBC}") = "_0501_MediatorDemo", "_0501_MediatorDemo\_0501_MediatorDemo.csproj", "{6A2D1E6B-EA6E-470C-85B3-85C6539042A0}"
EndProject
Project("{FAE04EC0-301F-11D3-BF4B-00C04F79EFBC}") = "_0502_HttpClientFactoryDemo", "_0502_HttpClientFactoryDemo\_0502_HttpClientFactoryDemo.csproj", "{5CD00AA2-1B87-4663-89EB-F63D11DBD20E}"
EndProject
Project("{FAE04EC0-301F-11D3-BF4B-00C04F79EFBC}") = "_0504_GrpcClientDemo", "_0504_GrpcClientDemo\_0504_GrpcClientDemo.csproj", "{47EBAD07-7887-49B2-AC70-E5C1712C69B6}"
EndProject
Project("{FAE04EC0-301F-11D3-BF4B-00C04F79EFBC}") = "_0503_GrpcServerDemo", "_0503_GrpcServerDemo\_0503_GrpcServerDemo.csproj", "{7D74E663-E5AC-46AF-B70E-E352F62CE416}"
EndProject
Project("{FAE04EC0-301F-11D3-BF4B-00C04F79EFBC}") = "_0505_PollyDemo", "_0505_PollyDemo\_0505_PollyDemo.csproj", "{FC923BD8-951C-4B3B-881E-0436BC364AC3}"
EndProject
Global
	GlobalSection(SolutionConfigurationPlatforms) = preSolution
		Debug|Any CPU = Debug|Any CPU
		Release|Any CPU = Release|Any CPU
	EndGlobalSection
	GlobalSection(NestedProjects) = preSolution
		{26EB2D28-E18F-4ABC-AFBD-C7AC3EB08A7C} = {7F63F10D-69C6-4F8F-9EA6-46179008A056}
		{E29356F1-013D-447D-9EE4-622388F76BAE} = {7F63F10D-69C6-4F8F-9EA6-46179008A056}
		{B2CB7353-E652-4B0E-BCF0-D5E2DEE88CB4} = {7F63F10D-69C6-4F8F-9EA6-46179008A056}
		{6C7FC803-0EC2-4B6C-AB5C-F70DDF7FC9C2} = {0FFC2368-4C4F-465B-A3AD-9B928C7860C1}
		{FAFD76DA-298D-4612-95BF-2EFFE23CC11D} = {5A71F3F7-872A-4CCC-BE83-EF8B930E65A3}
		{FB6D1B25-E675-4587-B6B1-9766EEA531CC} = {6C86616C-CD7C-456E-91B2-2DBED7493189}
		{36F9F6CB-CB0D-4ED7-AD7F-25653C36D8B5} = {6C86616C-CD7C-456E-91B2-2DBED7493189}
		{6A2D1E6B-EA6E-470C-85B3-85C6539042A0} = {19321BD9-5FB6-45FF-A1BD-046E504D8FA4}
		{5CD00AA2-1B87-4663-89EB-F63D11DBD20E} = {19321BD9-5FB6-45FF-A1BD-046E504D8FA4}
		{47EBAD07-7887-49B2-AC70-E5C1712C69B6} = {19321BD9-5FB6-45FF-A1BD-046E504D8FA4}
		{7D74E663-E5AC-46AF-B70E-E352F62CE416} = {19321BD9-5FB6-45FF-A1BD-046E504D8FA4}
		{FC923BD8-951C-4B3B-881E-0436BC364AC3} = {19321BD9-5FB6-45FF-A1BD-046E504D8FA4}
	EndGlobalSection
	GlobalSection(ProjectConfigurationPlatforms) = postSolution
		{26EB2D28-E18F-4ABC-AFBD-C7AC3EB08A7C}.Debug|Any CPU.ActiveCfg = Debug|Any CPU
		{26EB2D28-E18F-4ABC-AFBD-C7AC3EB08A7C}.Debug|Any CPU.Build.0 = Debug|Any CPU
		{26EB2D28-E18F-4ABC-AFBD-C7AC3EB08A7C}.Release|Any CPU.ActiveCfg = Release|Any CPU
		{26EB2D28-E18F-4ABC-AFBD-C7AC3EB08A7C}.Release|Any CPU.Build.0 = Release|Any CPU
		{E29356F1-013D-447D-9EE4-622388F76BAE}.Debug|Any CPU.ActiveCfg = Debug|Any CPU
		{E29356F1-013D-447D-9EE4-622388F76BAE}.Debug|Any CPU.Build.0 = Debug|Any CPU
		{E29356F1-013D-447D-9EE4-622388F76BAE}.Release|Any CPU.ActiveCfg = Release|Any CPU
		{E29356F1-013D-447D-9EE4-622388F76BAE}.Release|Any CPU.Build.0 = Release|Any CPU
		{B2CB7353-E652-4B0E-BCF0-D5E2DEE88CB4}.Debug|Any CPU.ActiveCfg = Debug|Any CPU
		{B2CB7353-E652-4B0E-BCF0-D5E2DEE88CB4}.Debug|Any CPU.Build.0 = Debug|Any CPU
		{B2CB7353-E652-4B0E-BCF0-D5E2DEE88CB4}.Release|Any CPU.ActiveCfg = Release|Any CPU
		{B2CB7353-E652-4B0E-BCF0-D5E2DEE88CB4}.Release|Any CPU.Build.0 = Release|Any CPU
		{6C7FC803-0EC2-4B6C-AB5C-F70DDF7FC9C2}.Debug|Any CPU.ActiveCfg = Debug|Any CPU
		{6C7FC803-0EC2-4B6C-AB5C-F70DDF7FC9C2}.Debug|Any CPU.Build.0 = Debug|Any CPU
		{6C7FC803-0EC2-4B6C-AB5C-F70DDF7FC9C2}.Release|Any CPU.ActiveCfg = Release|Any CPU
		{6C7FC803-0EC2-4B6C-AB5C-F70DDF7FC9C2}.Release|Any CPU.Build.0 = Release|Any CPU
		{FAFD76DA-298D-4612-95BF-2EFFE23CC11D}.Debug|Any CPU.ActiveCfg = Debug|Any CPU
		{FAFD76DA-298D-4612-95BF-2EFFE23CC11D}.Debug|Any CPU.Build.0 = Debug|Any CPU
		{FAFD76DA-298D-4612-95BF-2EFFE23CC11D}.Release|Any CPU.ActiveCfg = Release|Any CPU
		{FAFD76DA-298D-4612-95BF-2EFFE23CC11D}.Release|Any CPU.Build.0 = Release|Any CPU
		{FB6D1B25-E675-4587-B6B1-9766EEA531CC}.Debug|Any CPU.ActiveCfg = Debug|Any CPU
		{FB6D1B25-E675-4587-B6B1-9766EEA531CC}.Debug|Any CPU.Build.0 = Debug|Any CPU
		{FB6D1B25-E675-4587-B6B1-9766EEA531CC}.Release|Any CPU.ActiveCfg = Release|Any CPU
		{FB6D1B25-E675-4587-B6B1-9766EEA531CC}.Release|Any CPU.Build.0 = Release|Any CPU
		{36F9F6CB-CB0D-4ED7-AD7F-25653C36D8B5}.Debug|Any CPU.ActiveCfg = Debug|Any CPU
		{36F9F6CB-CB0D-4ED7-AD7F-25653C36D8B5}.Debug|Any CPU.Build.0 = Debug|Any CPU
		{36F9F6CB-CB0D-4ED7-AD7F-25653C36D8B5}.Release|Any CPU.ActiveCfg = Release|Any CPU
		{36F9F6CB-CB0D-4ED7-AD7F-25653C36D8B5}.Release|Any CPU.Build.0 = Release|Any CPU
		{6A2D1E6B-EA6E-470C-85B3-85C6539042A0}.Debug|Any CPU.ActiveCfg = Debug|Any CPU
		{6A2D1E6B-EA6E-470C-85B3-85C6539042A0}.Debug|Any CPU.Build.0 = Debug|Any CPU
		{6A2D1E6B-EA6E-470C-85B3-85C6539042A0}.Release|Any CPU.ActiveCfg = Release|Any CPU
		{6A2D1E6B-EA6E-470C-85B3-85C6539042A0}.Release|Any CPU.Build.0 = Release|Any CPU
		{5CD00AA2-1B87-4663-89EB-F63D11DBD20E}.Debug|Any CPU.ActiveCfg = Debug|Any CPU
		{5CD00AA2-1B87-4663-89EB-F63D11DBD20E}.Debug|Any CPU.Build.0 = Debug|Any CPU
		{5CD00AA2-1B87-4663-89EB-F63D11DBD20E}.Release|Any CPU.ActiveCfg = Release|Any CPU
		{5CD00AA2-1B87-4663-89EB-F63D11DBD20E}.Release|Any CPU.Build.0 = Release|Any CPU
		{47EBAD07-7887-49B2-AC70-E5C1712C69B6}.Debug|Any CPU.ActiveCfg = Debug|Any CPU
		{47EBAD07-7887-49B2-AC70-E5C1712C69B6}.Debug|Any CPU.Build.0 = Debug|Any CPU
		{47EBAD07-7887-49B2-AC70-E5C1712C69B6}.Release|Any CPU.ActiveCfg = Release|Any CPU
		{47EBAD07-7887-49B2-AC70-E5C1712C69B6}.Release|Any CPU.Build.0 = Release|Any CPU
		{7D74E663-E5AC-46AF-B70E-E352F62CE416}.Debug|Any CPU.ActiveCfg = Debug|Any CPU
		{7D74E663-E5AC-46AF-B70E-E352F62CE416}.Debug|Any CPU.Build.0 = Debug|Any CPU
		{7D74E663-E5AC-46AF-B70E-E352F62CE416}.Release|Any CPU.ActiveCfg = Release|Any CPU
		{7D74E663-E5AC-46AF-B70E-E352F62CE416}.Release|Any CPU.Build.0 = Release|Any CPU
		{FC923BD8-951C-4B3B-881E-0436BC364AC3}.Debug|Any CPU.ActiveCfg = Debug|Any CPU
		{FC923BD8-951C-4B3B-881E-0436BC364AC3}.Debug|Any CPU.Build.0 = Debug|Any CPU
		{FC923BD8-951C-4B3B-881E-0436BC364AC3}.Release|Any CPU.ActiveCfg = Release|Any CPU
		{FC923BD8-951C-4B3B-881E-0436BC364AC3}.Release|Any CPU.Build.0 = Release|Any CPU
	EndGlobalSection
EndGlobal
